{
  "name": "@thaldea/logger",
  "version": "0.2.1",
  "lockfileVersion": 2,
  "requires": true,
  "packages": {
    "": {
      "name": "@thaldea/logger",
      "version": "0.2.1",
      "license": "ISC",
      "dependencies": {
        "chalk": "^5.2.0",
        "dateformat": "^5.0.3"
      }
    },
    "node_modules/chalk": {
      "version": "5.2.0",
      "resolved": "https://registry.npmjs.org/chalk/-/chalk-5.2.0.tgz",
      "integrity": "sha512-ree3Gqw/nazQAPuJJEy+avdl7QfZMcUvmHIKgEZkGL+xOBzRvup5Hxo6LHuMceSxOabuJLJm5Yp/92R9eMmMvA==",
      "engines": {
        "node": "^12.17.0 || ^14.13 || >=16.0.0"
      },
      "funding": {
        "url": "https://github.com/chalk/chalk?sponsor=1"
      }
    },
    "node_modules/dateformat": {
      "version": "5.0.3",
      "resolved": "https://registry.npmjs.org/dateformat/-/dateformat-5.0.3.tgz",
      "integrity": "sha512-Kvr6HmPXUMerlLcLF+Pwq3K7apHpYmGDVqrxcDasBg86UcKeTSNWbEzU8bwdXnxnR44FtMhJAxI4Bov6Y/KUfA==",
      "engines": {
        "node": ">=12.20"
      }
    }
  },
  "dependencies": {
    "chalk": {
      "version": "5.2.0",
      "resolved": "https://registry.npmjs.org/chalk/-/chalk-5.2.0.tgz",
      "integrity": "sha512-ree3Gqw/nazQAPuJJEy+avdl7QfZMcUvmHIKgEZkGL+xOBzRvup5Hxo6LHuMceSxOabuJLJm5Yp/92R9eMmMvA=="
    },
    "dateformat": {
      "version": "5.0.3",
      "resolved": "https://registry.npmjs.org/dateformat/-/dateformat-5.0.3.tgz",
      "integrity": "sha512-Kvr6HmPXUMerlLcLF+Pwq3K7apHpYmGDVqrxcDasBg86UcKeTSNWbEzU8bwdXnxnR44FtMhJAxI4Bov6Y/KUfA=="
    }
  }
}
